
Microsoft Visual Studio Solution File, Format Version 12.00
# Visual Studio 15
VisualStudioVersion = 15.0.26730.12
MinimumVisualStudioVersion = 10.0.40219.1
Project("{FAE04EC0-301F-11D3-BF4B-00C04F79EFBC}") = "speedCuber", "speedCuber\speedCuber.csproj", "{3D9D7321-59BA-48CF-B0A7-F006B6180B13}"
EndProject
Global
	GlobalSection(SolutionConfigurationPlatforms) = preSolution
		Debug|Any CPU = Debug|Any CPU
		Release|Any CPU = Release|Any CPU
	EndGlobalSection
	GlobalSection(ProjectConfigurationPlatforms) = postSolution
		{3D9D7321-59BA-48CF-B0A7-F006B6180B13}.Debug|Any CPU.ActiveCfg = Debug|Any CPU
		{3D9D7321-59BA-48CF-B0A7-F006B6180B13}.Debug|Any CPU.Build.0 = Debug|Any CPU
		{3D9D7321-59BA-48CF-B0A7-F006B6180B13}.Release|Any CPU.ActiveCfg = Release|Any CPU
		{3D9D7321-59BA-48CF-B0A7-F006B6180B13}.Release|Any CPU.Build.0 = Release|Any CPU
	EndGlobalSection
	GlobalSection(SolutionProperties) = preSolution
		HideSolutionNode = FALSE
	EndGlobalSection
	GlobalSection(ExtensibilityGlobals) = postSolution
		SolutionGuid = {79CF0F26-9CE9-48E8-B08F-23771C1C9579}
	EndGlobalSection
EndGlobal
